# THIS IS AN AUTOGENERATED FILE. DO NOT EDIT THIS FILE DIRECTLY.
# yarn lockfile v1


"@babel/helper-string-parser@^7.29.7":
  version "7.29.7"
  resolved "https://registry.yarnpkg.com/@babel/helper-string-parser/-/helper-string-parser-7.29.7.tgz#7f0871d99824d23137d60f86fcf6130fd5a1b51f"
  integrity sha512-Pb5ijPrZ89GDH8223L4UP8i6QApWxs04RbPQJTeWDV0/keR2E36MeKnyr6LYmUUvqRRI+Iv87SuF1W6ErINzYw==

"@babel/helper-validator-identifier@^7.29.7":
  version "7.29.7"
  resolved "https://registry.yarnpkg.com/@babel/helper-validator-identifier/-/helper-validator-identifier-7.29.7.tgz#bd87084ced0c796ec46bda492de6e83d29e89fc2"
  integrity sha512-qehxGkRj55h/ff8EMaJ+cYhyaKlHIxqYDn682wQD7RNp9UujOQsHog2uS0r2vzr4pW+sXf90NeeayjcNaX3fFg==

"@babel/parser@^7.29.8":
  version "7.29.9"
  resolved "https://registry.yarnpkg.com/@babel/parser/-/parser-7.29.9.tgz#e7ee0a24f752c5296c6455855ccb72662e67ea96"
  integrity sha512-CjXrNHTnvqBVqHgdBysY3vk2T8tpJHb5/RMeHJBTyVa9xgugCB0CJTx/3oO8RV2QRQP391RWpB7D6hLjm8V9uA==
  dependencies:
    "@babel/types" "^7.29.8"

"@babel/types@^7.29.8":
  version "7.29.8"
  resolved "https://registry.yarnpkg.com/@babel/types/-/types-7.29.8.tgz#1229eef31d85156d70fa3f4cd859376d0eaf6863"
  integrity sha512-Vj1jF3cPfxg7OAfoI7QnVKLoILlm2JF9pnVHrX8qx7AHMiYWT+NDAA7jChlNgRS4WTLc/fD1lXLmPixluj+3Gg==
  dependencies:
    "@babel/helper-string-parser" "^7.29.7"
    "@babel/helper-validator-identifier" "^7.29.7"

"@emnapi/core@^1.11.1":
  version "1.11.3"
  resolved "https://registry.npmjs.org/@emnapi/core/-/core-1.11.3.tgz#5e95348a42cd1e06f0b9aa380cd74091daa4d520"
  integrity sha512-zLpS5asjEb7lq8jYLq37N6XKaE41DIexlY1rF/z4/tIl3wo13Sqm28fRyfIsKZD+NZ8mM5RoKkpW/rBcuoSZSg==
  dependencies:
    "@emnapi/wasi-threads" "1.2.3"
    tslib "^2.4.0"

"@emnapi/runtime@^1.11.1":
  version "1.11.3"
  resolved "https://registry.npmjs.org/@emnapi/runtime/-/runtime-1.11.3.tgz#84257ae3b0531eb2aec1ffa23d70700da007ba95"
  integrity sha512-Xz4Tpyki7XyrpbUK1jR1AhdAdaXyhhY4lZ3neLodmhpuWfy2PAQN5B46sAiU4liOXGLkHypn/qU+jvfWSCYYLA==
  dependencies:
    tslib "^2.4.0"

"@emnapi/wasi-threads@1.2.3", "@emnapi/wasi-threads@^1.2.2":
  version "1.2.3"
  resolved "https://registry.npmjs.org/@emnapi/wasi-threads/-/wasi-threads-1.2.3.tgz#c9bf72fd4be5b928aee894820e8d814ed73916e9"
  integrity sha512-ELEBe8PsLvvJ6QMr0zLt8ffvOHW/dc1m3CEzNMg7aJUv3bMaoDtw2TXyDAwkYBuroxxuHEwhRTLJSe5sya547g==
  dependencies:
    tslib "^2.4.0"

"@jridgewell/gen-mapping@^0.3.5":
  version "0.3.13"
  resolved "https://registry.npmjs.org/@jridgewell/gen-mapping/-/gen-mapping-0.3.13.tgz#6342a19f44347518c93e43b1ac69deb3c4656a1f"
  integrity sha512-2kkt/7niJ6MgEPxF0bYdQ6etZaA+fQvDcLKckhy1yIQOzaoKjBBjSj63/aLVjYE3qhRt5dvM+uUyfCg6UKCBbA==
  dependencies:
    "@jridgewell/sourcemap-codec" "^1.5.0"
    "@jridgewell/trace-mapping" "^0.3.24"

"@jridgewell/remapping@^2.3.5":
  version "2.3.5"
  resolved "https://registry.npmjs.org/@jridgewell/remapping/-/remapping-2.3.5.tgz#375c476d1972947851ba1e15ae8f123047445aa1"
  integrity sha512-LI9u/+laYG4Ds1TDKSJW2YPrIlcVYOwi2fUC6xB43lueCjgxV4lffOCZCtYFiH6TNOX+tQKXx97T4IKHbhyHEQ==
  dependencies:
    "@jridgewell/gen-mapping" "^0.3.5"
    "@jridgewell/trace-mapping" "^0.3.24"

"@jridgewell/resolve-uri@^3.1.0":
  version "3.1.2"
  resolved "https://registry.npmjs.org/@jridgewell/resolve-uri/-/resolve-uri-3.1.2.tgz#7a0ee601f60f99a20c7c7c5ff0c80388c1189bd6"
  integrity sha512-bRISgCIjP20/tbWSPWMEi54QVPRZExkuD9lJL+UIxUKtwVJA8wW1Trb1jMs1RFXo1CBTNZ/5hpC9QvmKWdopKw==

"@jridgewell/sourcemap-codec@^1.4.14", "@jridgewell/sourcemap-codec@^1.5.0", "@jridgewell/sourcemap-codec@^1.5.5", "@jridgewell/sourcemap-codec@^1.6.0":
  version "1.6.0"
  resolved "https://registry.yarnpkg.com/@jridgewell/sourcemap-codec/-/sourcemap-codec-1.6.0.tgz#f4c663e862f06dc98ca4d453862c46902789a18d"
  integrity sha512-T7jf+5zgsZHwNJ4lvQ7/aezbyk0nNX+zJVWpmHA7VYsEx7a7qr5Rg5IbtJFqkgze5Y2sruq1RUY8Q837Od7iFw==

"@jridgewell/trace-mapping@0.3.31", "@jridgewell/trace-mapping@^0.3.24":
  version "0.3.31"
  resolved "https://registry.npmjs.org/@jridgewell/trace-mapping/-/trace-mapping-0.3.31.tgz#db15d6781c931f3a251a3dac39501c98a6082fd0"
  integrity sha512-zzNR+SdQSDJzc8joaeP8QQoCQr8NuYx2dIIytl1QeBEZHJ9uW6hebsrYgbz8hJwUQao3TWCMtmfV8Nu1twOLAw==
  dependencies:
    "@jridgewell/resolve-uri" "^3.1.0"
    "@jridgewell/sourcemap-codec" "^1.4.14"

"@napi-rs/wasm-runtime@^1.1.4":
  version "1.2.4"
  resolved "https://registry.npmjs.org/@napi-rs/wasm-runtime/-/wasm-runtime-1.2.4.tgz#ae38d9ea8483942054c5d82f00c0163374cd1e5f"
  integrity sha512-AJxoUD2/15ESHbvpcyjU274nsAPLuOtPHCk0vKJM5pj//Fg/B1FXNWjPnXTT9PymCYYiHo4zPj0ZomXBKhoy7g==
  dependencies:
    "@tybys/wasm-util" "^0.10.3"

"@oxc-project/types@=0.151.0":
  version "0.151.0"
  resolved "https://registry.yarnpkg.com/@oxc-project/types/-/types-0.151.0.tgz#37206ed3fdebb8c4c5fc49ae20d53d9b4eed2bfe"
  integrity sha512-J1yXrIlNDZVzE3ada310xeAw7nH8yCAyLPuUIsjKatFPmfn5bS1oW+cM+QsGOtVWd5nhSpbwZWx/rue+r5Z+PA==

"@rolldown/binding-android-arm-eabi@1.2.11":
  version "1.2.11"
  resolved "https://registry.yarnpkg.com/@rolldown/binding-android-arm-eabi/-/binding-android-arm-eabi-1.2.11.tgz#898b1c0c0c4de1ffb5997050a705f04cc102b4eb"
  integrity sha512-A5kXfGKvKWWZE0TtPrfsvT+q4Y5d1QG8gGUzpYjGydM+fARM9MuX90PrXYXe0XbsDVgyxxNzHo6giCj90bsFNw==

"@rolldown/binding-android-arm64@1.2.11":
  version "1.2.11"
  resolved "https://registry.yarnpkg.com/@rolldown/binding-android-arm64/-/binding-android-arm64-1.2.11.tgz#bf8ee88baaecd1747326d6c1d05ebdad483edc34"
  integrity sha512-z6cTycz+iJ4PVkuL4HHW4DfTfoeU/2nqYYuSOrTmH7yHK5Y0LCOnA03V4ZNxavyVaU1oOqUgIg2klN/s+USGOA==

"@rolldown/binding-darwin-arm64@1.2.11":
  version "1.2.11"
  resolved "https://registry.yarnpkg.com/@rolldown/binding-darwin-arm64/-/binding-darwin-arm64-1.2.11.tgz#4ebc103da1e0d6b24d815c1fb1d6af73245c1b1f"
  integrity sha512-jShvqNtP6vDC6/A5JOAzbVV+DkgHqhl/ScVCJEbt+TUY6QYz7YnXcrg3sLtFBniro0f/Ld50ZwCWA6f7KYD1nQ==

"@rolldown/binding-darwin-x64@1.2.11":
  version "1.2.11"
  resolved "https://registry.yarnpkg.com/@rolldown/binding-darwin-x64/-/binding-darwin-x64-1.2.11.tgz#ab669b448eb2cd2366a7ff01a84579a0f854f5f0"
  integrity sha512-f2i2xiNWq1Z1l2++q2fuhZRdLAT3aqxD6vRNm1RAxpUoBcdqNB3C0s1Bt+K+PbEx2F5F4gQp6hqKkphCY/xF9w==

"@rolldown/binding-freebsd-x64@1.2.11":
  version "1.2.11"
  resolved "https://registry.yarnpkg.com/@rolldown/binding-freebsd-x64/-/binding-freebsd-x64-1.2.11.tgz#74c26ec877c293c47c8958ab58e07e57f9382070"
  integrity sha512-4Ir5FSOKIAMr4r0kExpt1s3bMgzJU3rA45AYOHtQpls0oNeqcYBKrWMlckrYH4KCfGLfkfn1tN1dmZPMVsdXow==

"@rolldown/binding-linux-arm-gnueabihf@1.2.11":
  version "1.2.11"
  resolved "https://registry.yarnpkg.com/@rolldown/binding-linux-arm-gnueabihf/-/binding-linux-arm-gnueabihf-1.2.11.tgz#cbfe844867d7dbce1655c9b593be05bcaffb501d"
  integrity sha512-/gnRDM+39BROzAN/k1OZjDPnDMcZxB/0EUxKjONO5yVkNEvlsoMDrxGNKgZi/ttFriS2gwlDNzB65pvNbFOXIQ==

"@rolldown/binding-linux-arm64-gnu@1.2.11":
  version "1.2.11"
  resolved "https://registry.yarnpkg.com/@rolldown/binding-linux-arm64-gnu/-/binding-linux-arm64-gnu-1.2.11.tgz#2028ebac4a3f56b26ecd02f8850c74447087cbb2"
  integrity sha512-PFaK8HwvAHbaKbBcDNQihjMKYvFnA5hiENx/l5tphTDz1E0WFp32l0A7aq7lyUwGsRw/xSrNIy/gIK4thrSCrw==

"@rolldown/binding-linux-arm64-musl@1.2.11":
  version "1.2.11"
  resolved "https://registry.yarnpkg.com/@rolldown/binding-linux-arm64-musl/-/binding-linux-arm64-musl-1.2.11.tgz#a143325f96d5d5040dff50e292374f7467e7c82c"
  integrity sha512-AskzJUIKRLPxkruR1wLKewGbOw+EYfU/9lOrBFj4AFrEA8hPpKFnODWNu2WLaNs0QNkEb9QIJufmVZZIL/bJlg==

"@rolldown/binding-linux-ppc64-gnu@1.2.11":
  version "1.2.11"
  resolved "https://registry.yarnpkg.com/@rolldown/binding-linux-ppc64-gnu/-/binding-linux-ppc64-gnu-1.2.11.tgz#b38937ad8b4821682e3671ebfb609cb0e3ecb935"
  integrity sha512-qlUGAheh2yh8afH7QBgx0PrRHN85hKnNd78x8MeMhXivuevgd8vgf6/CstOzmNKY/lLTHvNTrPy98cLnAugzJw==

"@rolldown/binding-linux-s390x-gnu@1.2.11":
  version "1.2.11"
  resolved "https://registry.yarnpkg.com/@rolldown/binding-linux-s390x-gnu/-/binding-linux-s390x-gnu-1.2.11.tgz#6be2645a1ad89185e8d03f69116798c94eae19ec"
  integrity sha512-secpEad+0vCbSfn8upFySkDskv+bGPk3THSDS9Y89yc4rb4kzqHp8Dmyd9BkQW4SnhNXBZCl/6CrO//hZahNJQ==

"@rolldown/binding-linux-x64-gnu@1.2.11":
  version "1.2.11"
  resolved "https://registry.yarnpkg.com/@rolldown/binding-linux-x64-gnu/-/binding-linux-x64-gnu-1.2.11.tgz#fbc9a6a6c3b3db00e35573c67894bfbaa3128040"
  integrity sha512-mOVBT3dPpkWm8XBWPmU4bf+U6dYDLeMo/9ojUmis4N0L5uu10qra5vOyngZ7/PSdoE4G9KvRt4bloRxNjLas7A==

"@rolldown/binding-linux-x64-musl@1.2.11":
  version "1.2.11"
  resolved "https://registry.yarnpkg.com/@rolldown/binding-linux-x64-musl/-/binding-linux-x64-musl-1.2.11.tgz#f3f07a30c03d1d3a673b21fd4eaba84979aa4fd4"
  integrity sha512-Is78i9A8Ui4SqcxUwFJ9uMmjDn58IbVTjFWYdQestFEgeuEmHMLGNriXnVJKkwG2YiZjw8cP0zCTyDMdDGtOOg==

"@rolldown/binding-openharmony-arm64@1.2.11":
  version "1.2.11"
  resolved "https://registry.yarnpkg.com/@rolldown/binding-openharmony-arm64/-/binding-openharmony-arm64-1.2.11.tgz#c3848c61dd3b15edde9c98dfa8d50edb356ec71f"
  integrity sha512-dUCXneZ87INUMyQ0D+C0HrEBNUPNXHaPmU5GTjyKTJEiussw9Kaj5Ln8UztPe4epV/ffvgNBEadksdYhmW6xJA==

"@rolldown/binding-win32-arm64-msvc@1.2.11":
  version "1.2.11"
  resolved "https://registry.yarnpkg.com/@rolldown/binding-win32-arm64-msvc/-/binding-win32-arm64-msvc-1.2.11.tgz#99d9f7eb53b26f09212d646e9f50708a2f14414f"
  integrity sha512-jByxb6qfd+bH1xUd0qnfFnb17i9sWBPY2tOavJ0l3tdr3OTu+Kvtm8cd/JV5nFt657b1VqGltxg9olOEfofXWw==

"@rolldown/binding-win32-x64-msvc@1.2.11":
  version "1.2.11"
  resolved "https://registry.yarnpkg.com/@rolldown/binding-win32-x64-msvc/-/binding-win32-x64-msvc-1.2.11.tgz#c7bf663043c01021f63122a8499e9aca36408467"
  integrity sha512-/PzKqzAJ03i19oy2ItPvyvaVjOjBCNnfaJs8yvUdGBKmiESgnrJSQ2awd81QzFbbnAmu7YO9ZnJrDCb9VSJPRA==

"@rolldown/pluginutils@^1.0.0", "@rolldown/pluginutils@^1.0.1":
  version "1.0.1"
  resolved "https://registry.yarnpkg.com/@rolldown/pluginutils/-/pluginutils-1.0.1.tgz#e3fcee093fbb5ce765e1ad088ff4de2889f6f9be"
  integrity sha512-2j9bGt5Jh8hj+vPtgzPtl72j0yRxHAyumoo6TNfAjsLB04UtpSvPbPcDcBMxz7n+9CYB0c1GxQFxYRg2jimqGw==

"@tailwindcss/node@4.3.3":
  version "4.3.3"
  resolved "https://registry.npmjs.org/@tailwindcss/node/-/node-4.3.3.tgz#38ff04309ff036ea3589a7bad9069c44ec9d3883"
  integrity sha512-/T8IKEsf9VTU6tLjgC7+sv2mOPtQxzE2jMw7u4Tt40Tx+QSZxpzh95/H6cMKoja9XuW7iMdLJYBB0o9G1CaAgg==
  dependencies:
    "@jridgewell/remapping" "^2.3.5"
    enhanced-resolve "^5.24.1"
    jiti "^2.7.0"
    lightningcss "1.32.0"
    magic-string "^0.30.21"
    source-map-js "^1.2.1"
    tailwindcss "4.3.3"

"@tailwindcss/oxide-android-arm64@4.3.3":
  version "4.3.3"
  resolved "https://registry.npmjs.org/@tailwindcss/oxide-android-arm64/-/oxide-android-arm64-4.3.3.tgz#848f93034155daf7892185028dfb18143bfc7d07"
  integrity sha512-Y85A2gmPSkl5Ve5qR86GL4HT509cFqQh1aes9p3sSkyTPwt0Pppf3GkwGe4JPACcRYjgJIEhQgM6dBClnr0NYw==

"@tailwindcss/oxide-darwin-arm64@4.3.3":
  version "4.3.3"
  resolved "https://registry.npmjs.org/@tailwindcss/oxide-darwin-arm64/-/oxide-darwin-arm64-4.3.3.tgz#5c779e32c1c361beb75136fd8e2c627fcb9a5b28"
  integrity sha512-BiaWatpBcERQFDlOjRDpIVXuFK5PJez5SA4JMg6VYZdBYU+qKfV/vqjcIs+IYmtitf1xYQZTwXvU/8y4lfZUGw==

"@tailwindcss/oxide-darwin-x64@4.3.3":
  version "4.3.3"
  resolved "https://registry.npmjs.org/@tailwindcss/oxide-darwin-x64/-/oxide-darwin-x64-4.3.3.tgz#ba292ff52fa3264139f7fe7874719ce0a4666875"
  integrity sha512-fAeUqfV5ndhxRwai8cXGzdLvul9utWOmeTkv69unv4ZXixjn61Z+p9lCWdwOwA3TYboG3BwdVuN/RDjhBRl0mw==

"@tailwindcss/oxide-freebsd-x64@4.3.3":
  version "4.3.3"
  resolved "https://registry.npmjs.org/@tailwindcss/oxide-freebsd-x64/-/oxide-freebsd-x64-4.3.3.tgz#07e589487b9a636235a4ade48cefc1f9eeeec57f"
  integrity sha512-iyf5bV6+wnAlflVeEy7R25dupxTNECZN5QMI0qNT6eT+EgaGdZcKhGkr5SdoaWiLJ3spLqIY9VCeSGrwmtg4kw==

"@tailwindcss/oxide-linux-arm-gnueabihf@4.3.3":
  version "4.3.3"
  resolved "https://registry.npmjs.org/@tailwindcss/oxide-linux-arm-gnueabihf/-/oxide-linux-arm-gnueabihf-4.3.3.tgz#0c8abc228d9e19e0065ddb707eba52e21855b3ff"
  integrity sha512-aAYUprJAJQWWbRrPvtjdroZ56Md+JM8pMiopS6xGEwDfLhqj+2ver2p4nU4Mb3CRqcMmNBjo8KkUgcxhkzVQGQ==

"@tailwindcss/oxide-linux-arm64-gnu@4.3.3":
  version "4.3.3"
  resolved "https://registry.npmjs.org/@tailwindcss/oxide-linux-arm64-gnu/-/oxide-linux-arm64-gnu-4.3.3.tgz#5067dc7afd15d2b97adc77a91177dc4bec8d1b8b"
  integrity sha512-nDxldcEENOxZRzC2uu9jrutZdAAQtb+8WWDCSnWL1zvBk1+FN+x6MtDViPB5AJMfttVCUhehGWus3XBPgatM/w==

"@tailwindcss/oxide-linux-arm64-musl@4.3.3":
  version "4.3.3"
  resolved "https://registry.npmjs.org/@tailwindcss/oxide-linux-arm64-musl/-/oxide-linux-arm64-musl-4.3.3.tgz#29ae5f279be2ce64db368711985b6ad8e4562e57"
  integrity sha512-Md44bD6veX/PC5iyF8cDVnw4HBIANZepRZZ7a8DQOvkfo5WUBwcp6iAuCUz23u+4SUkhJlD3eL7hNdW8ezd/kA==

"@tailwindcss/oxide-linux-x64-gnu@4.3.3":
  version "4.3.3"
  resolved "https://registry.npmjs.org/@tailwindcss/oxide-linux-x64-gnu/-/oxide-linux-x64-gnu-4.3.3.tgz#7d693b40f69875744b499481359b227fd3ac3a3c"
  integrity sha512-tx7us1muwOKAKWao2v/GaafFeQboE6aj88vC6ziN2NCGcRm8gWUhwjzg+YdVB1e4boAtdtma4L43onunI6NS4w==

"@tailwindcss/oxide-linux-x64-musl@4.3.3":
  version "4.3.3"
  resolved "https://registry.npmjs.org/@tailwindcss/oxide-linux-x64-musl/-/oxide-linux-x64-musl-4.3.3.tgz#6a55d664f47c5ff9ad3f46bf05fe07d410b8cfd8"
  integrity sha512-SJxX60smvHgasZoBy11dX6YRjXJFovwWBoedhbQPOBzgFWBHGB+TVPWB9BxzR7TTxU8FQZAI2AyiNCMzFm8Img==

"@tailwindcss/oxide-wasm32-wasi@4.3.3":
  version "4.3.3"
  resolved "https://registry.npmjs.org/@tailwindcss/oxide-wasm32-wasi/-/oxide-wasm32-wasi-4.3.3.tgz#408a9bc620e68f1aaf0dfea33da7bd3b65f9e2ef"
  integrity sha512-jx1+rPhY/5Ympkktd656HBWEBLxP7dH06losBLjjf5vgCODXvi9KhtftWcMIwTFIDqBr7cRnQkdLnAG+IOlGvQ==
  dependencies:
    "@emnapi/core" "^1.11.1"
    "@emnapi/runtime" "^1.11.1"
    "@emnapi/wasi-threads" "^1.2.2"
    "@napi-rs/wasm-runtime" "^1.1.4"
    "@tybys/wasm-util" "^0.10.2"
    tslib "^2.8.1"

"@tailwindcss/oxide-win32-arm64-msvc@4.3.3":
  version "4.3.3"
  resolved "https://registry.npmjs.org/@tailwindcss/oxide-win32-arm64-msvc/-/oxide-win32-arm64-msvc-4.3.3.tgz#3d582b00180fa4680e0b6c90be69fa5f4a209092"
  integrity sha512-3rc292Ca2ceK6Ulcc/bAVnTs/3nDtoPhyEKlgPv+yQJQi/JS/AMJlqzxvlDacL1nekbrcf6bTqp/jV4qgnPxNQ==

"@tailwindcss/oxide-win32-x64-msvc@4.3.3":
  version "4.3.3"
  resolved "https://registry.npmjs.org/@tailwindcss/oxide-win32-x64-msvc/-/oxide-win32-x64-msvc-4.3.3.tgz#ce4c663fef3b4fde67611a4c1391866f8c0aa79b"
  integrity sha512-yJ0pwIVc/nYeGoV02WtsN8KYyLQv7kyI2wDnkezyJlGGjkd4QLwDGAwl47YpPJeuI0M0ObaXGSPjvWDPeTPggw==

"@tailwindcss/oxide@4.3.3":
  version "4.3.3"
  resolved "https://registry.npmjs.org/@tailwindcss/oxide/-/oxide-4.3.3.tgz#6266109d025cfcb04f8e4c58954a6f630a415b7f"
  integrity sha512-krXjAikiaFSPaK/FkAQT5UTx3VormQaiZ5hBFlJZ9UFQGB/rwg1MZIhHAG9smMQRTdyJxP6Qt5MwMtdyU5FWrA==
  optionalDependencies:
    "@tailwindcss/oxide-android-arm64" "4.3.3"
    "@tailwindcss/oxide-darwin-arm64" "4.3.3"
    "@tailwindcss/oxide-darwin-x64" "4.3.3"
    "@tailwindcss/oxide-freebsd-x64" "4.3.3"
    "@tailwindcss/oxide-linux-arm-gnueabihf" "4.3.3"
    "@tailwindcss/oxide-linux-arm64-gnu" "4.3.3"
    "@tailwindcss/oxide-linux-arm64-musl" "4.3.3"
    "@tailwindcss/oxide-linux-x64-gnu" "4.3.3"
    "@tailwindcss/oxide-linux-x64-musl" "4.3.3"
    "@tailwindcss/oxide-wasm32-wasi" "4.3.3"
    "@tailwindcss/oxide-win32-arm64-msvc" "4.3.3"
    "@tailwindcss/oxide-win32-x64-msvc" "4.3.3"

"@tailwindcss/vite@^4.3.3":
  version "4.3.3"
  resolved "https://registry.npmjs.org/@tailwindcss/vite/-/vite-4.3.3.tgz#1f4037badcb5e6c6bb574d3d8a0172c83f26b97f"
  integrity sha512-yYU8cogLeSh/ms2jh8Fj7jaba/EWa7Ja6GoUqYZaraEuCI5YS6ms6ObZgjjedm+jm6XZjdNRWBpPP6Z86oOxcw==
  dependencies:
    "@tailwindcss/node" "4.3.3"
    "@tailwindcss/oxide" "4.3.3"
    tailwindcss "4.3.3"

"@tauri-apps/api@^2", "@tauri-apps/api@^2.11.0":
  version "2.11.1"
  resolved "https://registry.yarnpkg.com/@tauri-apps/api/-/api-2.11.1.tgz#cd6b13fc26403ca095a02e39ecdbec8048d2872d"
  integrity sha512-M2FPuYND2m+wh5hfW9ZpSdxMPdEJovPBWwoHJmwUpysTYNHaOkVFN419m/K0LIgjb/7KU2vBgsUepJWugQCvAA==

"@tauri-apps/cli-darwin-arm64@2.11.5":
  version "2.11.5"
  resolved "https://registry.yarnpkg.com/@tauri-apps/cli-darwin-arm64/-/cli-darwin-arm64-2.11.5.tgz#caff4e370114ce24cd64faad27984f8c505f7ab7"
  integrity sha512-tggOiVOohjIHdiElbjeBfB41s6cmfsq+ZQ0PX0fEtCdsDdZ9cCi54e5gNK7tdPbR6JbdDe7RA4kbQdyyBUUk/Q==

"@tauri-apps/cli-darwin-x64@2.11.5":
  version "2.11.5"
  resolved "https://registry.yarnpkg.com/@tauri-apps/cli-darwin-x64/-/cli-darwin-x64-2.11.5.tgz#446f3ceabcf7409b742b0094c5071f7e6be9b26a"
  integrity sha512-SrO+KCbqvG1IvVPdlzQX4GEGZRQDISrmDY9bGcW68DLVFBCC06H+Loz6oyUZETUxsSMR6B4oDfvbQVgD4hxsqQ==

"@tauri-apps/cli-linux-arm-gnueabihf@2.11.5":
  version "2.11.5"
  resolved "https://registry.yarnpkg.com/@tauri-apps/cli-linux-arm-gnueabihf/-/cli-linux-arm-gnueabihf-2.11.5.tgz#3f32aeb758e458c48465dc550624d3fca0549421"
  integrity sha512-qLrOaCa8hLD5QVPQRjAgOXvhlTFKXmTliVF773GgvADYcWZSdmncnF5zBFAkdu1uQK8KfQbDlBUwqQYZqBfBRQ==

"@tauri-apps/cli-linux-arm64-gnu@2.11.5":
  version "2.11.5"
  resolved "https://registry.yarnpkg.com/@tauri-apps/cli-linux-arm64-gnu/-/cli-linux-arm64-gnu-2.11.5.tgz#fab4199328ad959e9f8b3f2b7b3578941d2ec287"
  integrity sha512-Tq32xpQjiQEdIrvwDq7lwHhXemn070CXWdbCvr9rdi9rsv9NFTbQ6izVSIfNE+59QaerxuwtUtZ5IxDNWaoYBw==

"@tauri-apps/cli-linux-arm64-musl@2.11.5":
  version "2.11.5"
  resolved "https://registry.yarnpkg.com/@tauri-apps/cli-linux-arm64-musl/-/cli-linux-arm64-musl-2.11.5.tgz#270e95e9278eb12fad793b531476b069f9a8f187"
  integrity sha512-+OdWKj5Aq+C8HXypQ4t926V8cpVnc0ZcJIdhTXWjVAJHkaNuo8EuQR6KRZKHWIbJJgKdMPCDosvwzIFaBBqHKQ==

"@tauri-apps/cli-linux-riscv64-gnu@2.11.5":
  version "2.11.5"
  resolved "https://registry.yarnpkg.com/@tauri-apps/cli-linux-riscv64-gnu/-/cli-linux-riscv64-gnu-2.11.5.tgz#d9644059f2e62fbf4f0a8ccba0f0082a43f78398"
  integrity sha512-Q0V2hjpllyDW8dWQZSsITuQDfcY9BpBZuhXkMa2T5AFLZAn+FJPXQSyvnxWNVxRowdQ59Xn0QVtGm6HEHNUEvw==

"@tauri-apps/cli-linux-x64-gnu@2.11.5":
  version "2.11.5"
  resolved "https://registry.yarnpkg.com/@tauri-apps/cli-linux-x64-gnu/-/cli-linux-x64-gnu-2.11.5.tgz#ff4327a79610bc2c3cd230d6a844a505ca9320f5"
  integrity sha512-Xz1s87gFjZJZMQKAhLa77YeiCJM6yVog3f9OxDgVd/KxDIoB1dA5V2xOnMM+SRkOGk9juwIBqesVAjV0kUB0DA==

"@tauri-apps/cli-linux-x64-musl@2.11.5":
  version "2.11.5"
  resolved "https://registry.yarnpkg.com/@tauri-apps/cli-linux-x64-musl/-/cli-linux-x64-musl-2.11.5.tgz#32ce37fca8a89a46ceddd8c290799362e40f775b"
  integrity sha512-6A88wqAZXZHgMaBrGiy/Bpa4GgUnftXM7uquKOeOXCuK78/XdBxEECicK/1oHgrT179XBFOaA6lQEHysjRmGig==

"@tauri-apps/cli-win32-arm64-msvc@2.11.5":
  version "2.11.5"
  resolved "https://registry.yarnpkg.com/@tauri-apps/cli-win32-arm64-msvc/-/cli-win32-arm64-msvc-2.11.5.tgz#87018be6a296cf9cbed3c754cd6e8807bfa6f588"
  integrity sha512-sRGgF/ObRfLcS3PtUdyTbJtkGq3E+PNZTknvAURwMNUtHw9DU/BF6S5si43y9lS5yEO9bWJCA+GGYvnn6cphQw==

"@tauri-apps/cli-win32-ia32-msvc@2.11.5":
  version "2.11.5"
  resolved "https://registry.yarnpkg.com/@tauri-apps/cli-win32-ia32-msvc/-/cli-win32-ia32-msvc-2.11.5.tgz#35ce4b57173d0ee7acddf670444aad33a3c4d18e"
  integrity sha512-bHOv/yxqfKpI7ioIFQi5wOfZ7jkbPzJD/UhXY52I/hrmE3qNh71cohIPyqZB5GQn3LZeJWdCUOqmIg/w6XX+Wg==

"@tauri-apps/cli-win32-x64-msvc@2.11.5":
  version "2.11.5"
  resolved "https://registry.yarnpkg.com/@tauri-apps/cli-win32-x64-msvc/-/cli-win32-x64-msvc-2.11.5.tgz#6ea4e4c0ae2721228c0a1f2bf32d22b5204e4f3a"
  integrity sha512-vaaOmavqdCeS7oMib2banBZemgrC5v54tSkwoBV+bxrXQZhQZrOwE2EO2i4x+CHNtvQUM/6bSs3iymZMAsycWg==

"@tauri-apps/cli@^2":
  version "2.11.5"
  resolved "https://registry.yarnpkg.com/@tauri-apps/cli/-/cli-2.11.5.tgz#5a1a535ccd6b231afeb5b7e3e5652308eed532c1"
  integrity sha512-YbeJ6tctNoo40purO4u3Eeo3RVqmsjJr0NoKQRu+4pvO4gMLzkjta7x0k96SxSLmx+rQ+8um1ThOlw+HLpgFug==
  optionalDependencies:
    "@tauri-apps/cli-darwin-arm64" "2.11.5"
    "@tauri-apps/cli-darwin-x64" "2.11.5"
    "@tauri-apps/cli-linux-arm-gnueabihf" "2.11.5"
    "@tauri-apps/cli-linux-arm64-gnu" "2.11.5"
    "@tauri-apps/cli-linux-arm64-musl" "2.11.5"
    "@tauri-apps/cli-linux-riscv64-gnu" "2.11.5"
    "@tauri-apps/cli-linux-x64-gnu" "2.11.5"
    "@tauri-apps/cli-linux-x64-musl" "2.11.5"
    "@tauri-apps/cli-win32-arm64-msvc" "2.11.5"
    "@tauri-apps/cli-win32-ia32-msvc" "2.11.5"
    "@tauri-apps/cli-win32-x64-msvc" "2.11.5"

"@tauri-apps/plugin-opener@^2":
  version "2.5.5"
  resolved "https://registry.yarnpkg.com/@tauri-apps/plugin-opener/-/plugin-opener-2.5.5.tgz#ef7b9aca07cb3416575e5024b996926c43276b69"
  integrity sha512-xvzGai5aQds8j8R8RsUK/lW6pGG50YgOYIPLzvkqmkwAj7dfySOD7sGtejRzvVdMmv1EQfKVEFh1MvmDp8QR0g==
  dependencies:
    "@tauri-apps/api" "^2.11.0"

"@tybys/wasm-util@^0.10.2", "@tybys/wasm-util@^0.10.3":
  version "0.10.4"
  resolved "https://registry.npmjs.org/@tybys/wasm-util/-/wasm-util-0.10.4.tgz#3e85ecb266f9d1722250e89bc69528615720b154"
  integrity sha512-W3c4gRigFS0T/Ma4qIYF3GDAc5AQdHb1yL5znJT1Zv1YaD9Kitx656wBjvr19qbiosmZT8lWDM5BEMynUqX65A==
  dependencies:
    tslib "^2.4.0"

"@types/chai@^5.2.2":
  version "5.2.3"
  resolved "https://registry.npmjs.org/@types/chai/-/chai-5.2.3.tgz#8e9cd9e1c3581fa6b341a5aed5588eb285be0b4a"
  integrity sha512-Mw558oeA9fFbv65/y4mHtXDs9bPnFMZAL/jxdPFUpOHHIXX91mcgEHbS5Lahr+pwZFR8A7GQleRWeI6cGFC2UA==
  dependencies:
    "@types/deep-eql" "*"
    assertion-error "^2.0.1"

"@types/deep-eql@*":
  version "4.0.2"
  resolved "https://registry.npmjs.org/@types/deep-eql/-/deep-eql-4.0.2.tgz#334311971d3a07121e7eb91b684a605e7eea9cbd"
  integrity sha512-c9h9dVVMigMPc4bwTvC5dxqtqJZwQPePsWjPlpSOnojbor6pGqdk541lfA7AqFQr5pB1BRdq0juY9db81BwyFw==

"@types/estree@^1.0.0":
  version "1.0.9"
  resolved "https://registry.npmjs.org/@types/estree/-/estree-1.0.9.tgz#cf3f0e876d7bee15a93ab925b82bf570a3904a24"
  integrity sha512-GhdPgy1el4/ImP05X05Uw4cw2/M93BCUmnEvWZNStlCzEKME4Fkk+YpoA5OiHNQmoS7Cafb8Xa3Pya8m1Qrzeg==

"@types/node@*", "@types/node@>=20.0.0":
  version "26.6.3"
  resolved "https://registry.npmjs.org/@types/node/-/node-26.6.3.tgz#411dccb5fc25687c958fe35b6ca3741d48a8d13c"
  integrity sha512-dsqMQQoeTLqu9wynDD00q573mNzso3IdQOAfHRJqLCcmCFPoGo9A1bDpUcv/9tnKpErQWv9uKeGfl37EIS02Yg==
  dependencies:
    undici-types "~8.9.0"

"@types/whatwg-mimetype@^3.0.2":
  version "3.0.2"
  resolved "https://registry.npmjs.org/@types/whatwg-mimetype/-/whatwg-mimetype-3.0.2.tgz#e5e06dcd3e92d4e622ef0129637707d66c28d6a4"
  integrity sha512-c2AKvDT8ToxLIOUlN51gTiHXflsfIFisS4pO7pDPoKouJCESkhZnEy623gwP9laCy5lnLDAw1vAzu2vM2YLOrA==

"@types/ws@^8.18.1":
  version "8.18.1"
  resolved "https://registry.npmjs.org/@types/ws/-/ws-8.18.1.tgz#48464e4bf2ddfd17db13d845467f6070ffea4aa9"
  integrity sha512-ThVF6DCVhA8kUGy+aazFQ4kXQ7E1Ty7A3ypFOe0IcJV8O/M511G99AW24irKrW56Wt44yG9+ij8FaqoBGkuBXg==
  dependencies:
    "@types/node" "*"

"@vitejs/plugin-vue@^6.0.7":
  version "6.0.9"
  resolved "https://registry.yarnpkg.com/@vitejs/plugin-vue/-/plugin-vue-6.0.9.tgz#d6a6d288dd307d086dbf8d3fcccb8c378c473a45"
  integrity sha512-rD/MORlhaZMlXWW0rEn4FB4wMinWC0z/D7Ye160S5+Rs1mC8ZDAdcDp4SjKfUhG5t8q1ktcPVw4xuTkPRlzrSA==
  dependencies:
    "@rolldown/pluginutils" "^1.0.1"

"@vitest/mocker@5.0.2":
  version "5.0.2"
  resolved "https://registry.npmjs.org/@vitest/mocker/-/mocker-5.0.2.tgz#5be83ad397d31390d06a8809d27d8bd9b3ab1048"
  integrity sha512-Z5FS00Q1SJHkB35xATsmWGdQ5WA1/0MV3CDjqyv7GavHv1OfOj145MNfHOlHk7QLes21dKFDHr8EO2zvL+9WGA==
  dependencies:
    "@jridgewell/trace-mapping" "0.3.31"
    "@vitest/spy" "5.0.2"
    estree-walker "^3.0.3"
    magic-string "^1.2.3"

"@vitest/spy@5.0.2":
  version "5.0.2"
  resolved "https://registry.npmjs.org/@vitest/spy/-/spy-5.0.2.tgz#a4a13f5b336e7c4227cfd74e9b0199209ffbb7fb"
  integrity sha512-Ijc7T1nT9efNb5LxvjaBrEqw3f/QwUv5EE0nKqZxgqsaV/FxAAZ8baGylA8X/Z2oS4Lp+K74Jr6dTJsDKxJDeg==

"@vue/compiler-core@3.5.43":
  version "3.5.43"
  resolved "https://registry.yarnpkg.com/@vue/compiler-core/-/compiler-core-3.5.43.tgz#ff792a8bb20d29fe2a9f013d5735d39c7808c9a5"
  integrity sha512-zdiLhnbe1QQqgDT8xZMpNmyqZ3qlI+/Q/FHQco57Kwl/b05HhCzN6eVGN9QU9rbga4CrS0H5SYY8VGHZCt/1Hg==
  dependencies:
    "@babel/parser" "^7.29.8"
    "@vue/shared" "3.5.43"
    entities "^7.0.1"
    estree-walker "^2.0.2"
    source-map-js "^1.2.1"

"@vue/compiler-dom@3.5.43":
  version "3.5.43"
  resolved "https://registry.yarnpkg.com/@vue/compiler-dom/-/compiler-dom-3.5.43.tgz#1bec85b4c3078544b278524e521311a6202d673f"
  integrity sha512-PEZoAk3NQmsn/ejMzSOCyTYqwGqczrWm70PuhBKjjv1+TCoQAaO/zOqNwjV+honlNstT5ILxtc+8r8UUfj+iEQ==
  dependencies:
    "@vue/compiler-core" "3.5.43"
    "@vue/shared" "3.5.43"

"@vue/compiler-sfc@3.5.43":
  version "3.5.43"
  resolved "https://registry.yarnpkg.com/@vue/compiler-sfc/-/compiler-sfc-3.5.43.tgz#19c097f398abacfee9627646075a919d2f57a6ae"
  integrity sha512-FCbrG3XNCRl+js3huuKx4IVHBLTvMkJhVepjbxSPu1gn4yWLaYtGNQdjJGZaMytXB6qb76qQDDmDSLy/vkmleQ==
  dependencies:
    "@babel/parser" "^7.29.8"
    "@vue/compiler-core" "3.5.43"
    "@vue/compiler-dom" "3.5.43"
    "@vue/compiler-ssr" "3.5.43"
    "@vue/shared" "3.5.43"
    estree-walker "^2.0.2"
    magic-string "^0.30.21"
    postcss "^8.5.28"
    source-map-js "^1.2.1"

"@vue/compiler-ssr@3.5.43":
  version "3.5.43"
  resolved "https://registry.yarnpkg.com/@vue/compiler-ssr/-/compiler-ssr-3.5.43.tgz#aacd1d047545d51d5cb0eca9aa3f490507bf7040"
  integrity sha512-GF62orf7KiJX9RqrHNGrYBudsQGD0OhJ5nDs90O8UiDuS40+YMYomiXu6w6EuvtXuRDc3MSNis3EaaSKAVSWpg==
  dependencies:
    "@vue/compiler-dom" "3.5.43"
    "@vue/shared" "3.5.43"

"@vue/reactivity@3.5.43":
  version "3.5.43"
  resolved "https://registry.yarnpkg.com/@vue/reactivity/-/reactivity-3.5.43.tgz#26441233103e834616959a032d8fabd4524fd089"
  integrity sha512-G/c9GyOZNI2jVaaS6OX1EF1SSFSv7H0ERqNTl4+DTFMlZmB5eVAB53aLQNam/7NL2NPtaDD7RdVrzf8uJzMuOA==
  dependencies:
    "@vue/shared" "3.5.43"

"@vue/runtime-core@3.5.43":
  version "3.5.43"
  resolved "https://registry.yarnpkg.com/@vue/runtime-core/-/runtime-core-3.5.43.tgz#eca01c87c32047d32f3639c1a9206d368abe0c46"
  integrity sha512-hU6U6VnVhBGQDpvlnnDlIB8ZGJBiOcgk2lh/0InltHiz3D8oSkluvuvY+do1G2H3+udeKFsmaBlgVYP7gXQzEw==
  dependencies:
    "@vue/reactivity" "3.5.43"
    "@vue/shared" "3.5.43"

"@vue/runtime-dom@3.5.43":
  version "3.5.43"
  resolved "https://registry.yarnpkg.com/@vue/runtime-dom/-/runtime-dom-3.5.43.tgz#c40a898bd1ce11697741b9a079414a803413028a"
  integrity sha512-Bb2Jc0YjjJdMt1SJmb9b2L/IWd3I8lIT9x9eS/xvvP9CiVgna0ffua74xKRmt4/uSJ+0r4iN8ex1jrqkhQGWQw==
  dependencies:
    "@vue/reactivity" "3.5.43"
    "@vue/runtime-core" "3.5.43"
    "@vue/shared" "3.5.43"
    csstype "^3.2.3"

"@vue/server-renderer@3.5.43":
  version "3.5.43"
  resolved "https://registry.yarnpkg.com/@vue/server-renderer/-/server-renderer-3.5.43.tgz#ae2b84b832821e39c3355705e1c269f5a7d29b3c"
  integrity sha512-l2Ygjv9NehV94PSBxNWsAHC0j/eIIKbn92mBuWXAPGLnn6HfJ6MH5ubsd+Nk0YoZ5FRuxWI1P2VSoh+dbPQhCQ==
  dependencies:
    "@vue/compiler-ssr" "3.5.43"
    "@vue/runtime-dom" "3.5.43"
    "@vue/shared" "3.5.43"

"@vue/shared@3.5.43":
  version "3.5.43"
  resolved "https://registry.yarnpkg.com/@vue/shared/-/shared-3.5.43.tgz#22c11ecf1304bfc6f6b745f3b4ba54c410074338"
  integrity sha512-uksS7YGMR5NZyr4JNq0Rp+QyLns0ueaz20KwzIPW9R0LH1Vnt4E+XUM29PNseEbf1www2gOuhuDi5AKOIXag9Q==

assertion-error@^2.0.1:
  version "2.0.1"
  resolved "https://registry.npmjs.org/assertion-error/-/assertion-error-2.0.1.tgz#f641a196b335690b1070bf00b6e7593fec190bf7"
  integrity sha512-Izi8RQcffqCeNVgFigKli1ssklIbpHnCYc6AknXGYoB6grJqyeby7jv12JUQgmTAnIDnbck1uxksT4dzN3PWBA==

buffer-image-size@^0.6.4:
  version "0.6.4"
  resolved "https://registry.npmjs.org/buffer-image-size/-/buffer-image-size-0.6.4.tgz#357e8173e951ced3b5a2785c695993aa29dbcac4"
  integrity sha512-nEh+kZOPY1w+gcCMobZ6ETUp9WfibndnosbpwB1iJk/8Gt5ZF2bhS6+B6bPYz424KtwsR6Rflc3tCz1/ghX2dQ==
  dependencies:
    "@types/node" "*"

chai@^6.2.2:
  version "6.2.2"
  resolved "https://registry.npmjs.org/chai/-/chai-6.2.2.tgz#ae41b52c9aca87734505362717f3255facda360e"
  integrity sha512-NUPRluOfOiTKBKvWPtSD4PhFvWCqOi0BGStNWs57X9js7XGTprSmFoz5F0tWhR4WPjNeR9jXqdC7/UpSJTnlRg==

csstype@^3.2.3:
  version "3.2.3"
  resolved "https://registry.yarnpkg.com/csstype/-/csstype-3.2.3.tgz#ec48c0f3e993e50648c86da559e2610995cf989a"
  integrity sha512-z1HGKcYy2xA8AGQfwrn0PAy+PB7X/GSj3UVJW9qKyn43xWa+gl5nXmU4qqLMRzWVLFC8KusUX8T/0kCiOYpAIQ==

detect-libc@^2.0.3:
  version "2.1.2"
  resolved "https://registry.yarnpkg.com/detect-libc/-/detect-libc-2.1.2.tgz#689c5dcdc1900ef5583a4cb9f6d7b473742074ad"
  integrity sha512-Btj2BOOO83o3WyH59e8MgXsxEQVcarkUOpEYrubB0urwnN10yQ364rsiByU11nZlqWYZm05i/of7io4mzihBtQ==

enhanced-resolve@^5.24.1:
  version "5.25.1"
  resolved "https://registry.npmjs.org/enhanced-resolve/-/enhanced-resolve-5.25.1.tgz#9d919bfa898b116e58f20e95127c047693158771"
  integrity sha512-nGXts5znJzmWPu+mIE9izCOzdg63oJca2mDzGWWTth7sr4aCToKcoyFVBQwN75Ij5Pf6p510EwkTqViTRzDV+w==
  dependencies:
    graceful-fs "^4.2.4"
    tapable "^2.3.3"

entities@^7.0.1:
  version "7.0.1"
  resolved "https://registry.yarnpkg.com/entities/-/entities-7.0.1.tgz#26e8a88889db63417dcb9a1e79a3f1bc92b5976b"
  integrity sha512-TWrgLOFUQTH994YUyl1yT4uyavY5nNB5muff+RtWaqNVCAK408b5ZnnbNAUEWLTCpum9w6arT70i1XdQ4UeOPA==

es-module-lexer@^2.3.2:
  version "2.3.2"
  resolved "https://registry.npmjs.org/es-module-lexer/-/es-module-lexer-2.3.2.tgz#311fa4f40168c1975c505477c51b23234d41ad55"
  integrity sha512-poHGpORABojJJucnV9KbOavETW8lBVnphkW77ER5/BQ5Fz7oXSoCNek7IH3vR5nRjdsEz926ibFYX8KtLQmdyw==

estree-walker@^2.0.2:
  version "2.0.2"
  resolved "https://registry.yarnpkg.com/estree-walker/-/estree-walker-2.0.2.tgz#52f010178c2a4c117a7757cfe942adb7d2da4cac"
  integrity sha512-Rfkk/Mp/DL7JVje3u18FxFujQlTNR2q6QfMSMB7AvCBx91NGj/ba3kCfza0f6dVDbw7YlRf/nDrn7pQrCCyQ/w==

estree-walker@^3.0.3:
  version "3.0.3"
  resolved "https://registry.npmjs.org/estree-walker/-/estree-walker-3.0.3.tgz#67c3e549ec402a487b4fc193d1953a524752340d"
  integrity sha512-7RUKfXgSMMkzt6ZuXmqapOurLGPPfgj6l9uRZ7lRGolvk0y2yocc35LdcxKC5PQZdn2DMqioAQ2NoWcrTKmm6g==
  dependencies:
    "@types/estree" "^1.0.0"

expect-type@^1.4.0:
  version "1.4.0"
  resolved "https://registry.npmjs.org/expect-type/-/expect-type-1.4.0.tgz#24edf7f0cc69a44d008567ba4594ab96f3c3a3d6"
  integrity sha512-KfYbmpRm0VbLjEvVa9yGwCi9GI34xvi7A/HXYWQO65CSD2u3MczUJSuwXKFIxlGsgBQizV9q5J9NHj4VG0n+pA==

fdir@^6.5.0:
  version "6.5.0"
  resolved "https://registry.yarnpkg.com/fdir/-/fdir-6.5.0.tgz#ed2ab967a331ade62f18d077dae192684d50d350"
  integrity sha512-tIbYtZbucOs0BRGqPJkshJUYdL+SDH7dVM8gjy+ERp3WAUjLEFJE+02kanyHtwjWOnwrKYBiwAmM0p4kLJAnXg==

fsevents@~2.3.3:
  version "2.3.3"
  resolved "https://registry.yarnpkg.com/fsevents/-/fsevents-2.3.3.tgz#cac6407785d03675a2a5e1a5305c697b347d90d6"
  integrity sha512-5xoDfX+fL7faATnagmWPpbFtwh/R77WmMMqqHGS65C3vvB0YHrgF+B1YmZ3441tMj5n63k0212XNoJwzlhffQw==

graceful-fs@^4.2.4:
  version "4.2.11"
  resolved "https://registry.npmjs.org/graceful-fs/-/graceful-fs-4.2.11.tgz#4183e4e8bf08bb6e05bbb2f7d2e0c8f712ca40e3"
  integrity sha512-RbJ5/jmFcNNCcDV5o9eTnBLJ/HszWV0P73bc+Ff4nS/rJj+YaS6IGyiOL0VoBYX+l1Wrl3k63h/KrH+nhJ0XvQ==

happy-dom@^20.14.5:
  version "20.14.5"
  resolved "https://registry.npmjs.org/happy-dom/-/happy-dom-20.14.5.tgz#d76cfbb926ebde0575deb3bf92cb3e6bb88b8176"
  integrity sha512-x/RzkpWO40bTjIoT30iQtt64FLLmH/iRcUCN2X//bLx7H3ifkdfPXyqsro/OYtqzIAhiLMMA7mmiOR9C3NOKjQ==
  dependencies:
    "@types/node" ">=20.0.0"
    "@types/whatwg-mimetype" "^3.0.2"
    "@types/ws" "^8.18.1"
    buffer-image-size "^0.6.4"
    entities "^7.0.1"
    whatwg-mimetype "^3.0.0"
    ws "^8.21.0"

jiti@^2.7.0:
  version "2.7.0"
  resolved "https://registry.npmjs.org/jiti/-/jiti-2.7.0.tgz#974228f2f4ca2bc21885a1797b45fea68e950c64"
  integrity sha512-AC/7JofJvZGrrneWNaEnJeOLUx+JlGt7tNa0wZiRPT4MY1wmfKjt2+6O2p2uz2+skll8OZZmJMNqeke7kKbNgQ==

lightningcss-android-arm64@1.32.0:
  version "1.32.0"
  resolved "https://registry.npmjs.org/lightningcss-android-arm64/-/lightningcss-android-arm64-1.32.0.tgz#f033885116dfefd9c6f54787523e3514b61e1968"
  integrity sha512-YK7/ClTt4kAK0vo6w3X+Pnm0D2cf2vPHbhOXdoNti1Ga0al1P4TBZhwjATvjNwLEBCnKvjJc2jQgHXH0NEwlAg==

lightningcss-android-arm64@1.33.0:
  version "1.33.0"
  resolved "https://registry.yarnpkg.com/lightningcss-android-arm64/-/lightningcss-android-arm64-1.33.0.tgz#9a6841f88ae50fc83502903892b41af41bc2b907"
  integrity sha512-gEpRTalKdosp4Bb8qWtc2iOgE5SeIHlpS1up9bFq2wAyYhl1UdTObYiHe98zEM9SQvSoqQZ1IQD0JNpg3Ml5pg==

lightningcss-darwin-arm64@1.32.0:
  version "1.32.0"
  resolved "https://registry.npmjs.org/lightningcss-darwin-arm64/-/lightningcss-darwin-arm64-1.32.0.tgz#50b71871b01c8199584b649e292547faea7af9b5"
  integrity sha512-RzeG9Ju5bag2Bv1/lwlVJvBE3q6TtXskdZLLCyfg5pt+HLz9BqlICO7LZM7VHNTTn/5PRhHFBSjk5lc4cmscPQ==

lightningcss-darwin-arm64@1.33.0:
  version "1.33.0"
  resolved "https://registry.yarnpkg.com/lightningcss-darwin-arm64/-/lightningcss-darwin-arm64-1.33.0.tgz#c0f2c31c0bfd19fa4dd3f18e957a1f1a152097d6"
  integrity sha512-Sciaz8eenNTKn9b3t7+xr0ipTp9YxKQY4npwQ3mrRuL0BAVHBLyZxofhaKBAVtzmtRZ/zTyo0/to4B1uWG/Djg==

lightningcss-darwin-x64@1.32.0:
  version "1.32.0"
  resolved "https://registry.npmjs.org/lightningcss-darwin-x64/-/lightningcss-darwin-x64-1.32.0.tgz#35f3e97332d130b9ca181e11b568ded6aebc6d5e"
  integrity sha512-U+QsBp2m/s2wqpUYT/6wnlagdZbtZdndSmut/NJqlCcMLTWp5muCrID+K5UJ6jqD2BFshejCYXniPDbNh73V8w==

lightningcss-darwin-x64@1.33.0:
  version "1.33.0"
  resolved "https://registry.yarnpkg.com/lightningcss-darwin-x64/-/lightningcss-darwin-x64-1.33.0.tgz#cb0705965acb538c6683949ce6925fb3cdf7c361"
  integrity sha512-Z5UPAxzrjlWNNyGy6i65cJzzvgJ5D3T6wMvs+gWpY9d7qRhANrxqAp6LhxIgZhWEw18RfJTGcRxjuLIBr+m8XQ==

lightningcss-freebsd-x64@1.32.0:
  version "1.32.0"
  resolved "https://registry.npmjs.org/lightningcss-freebsd-x64/-/lightningcss-freebsd-x64-1.32.0.tgz#9777a76472b64ed6ff94342ad64c7bafd794a575"
  integrity sha512-JCTigedEksZk3tHTTthnMdVfGf61Fky8Ji2E4YjUTEQX14xiy/lTzXnu1vwiZe3bYe0q+SpsSH/CTeDXK6WHig==

lightningcss-freebsd-x64@1.33.0:
  version "1.33.0"
  resolved "https://registry.yarnpkg.com/lightningcss-freebsd-x64/-/lightningcss-freebsd-x64-1.33.0.tgz#763538828b26bab2680dadafcc84ee78b0eb502b"
  integrity sha512-QQM/Ti/hQajJwCY+RiWuCZ9sdtI/XQk7nDK5vC8kkdwixezOlDgvDx7+RT+QjK6FcFT4MpsuoBnHIo/O3StRRg==

lightningcss-linux-arm-gnueabihf@1.32.0:
  version "1.32.0"
  resolved "https://registry.npmjs.org/lightningcss-linux-arm-gnueabihf/-/lightningcss-linux-arm-gnueabihf-1.32.0.tgz#13ae652e1ab73b9135d7b7da172f666c410ad53d"
  integrity sha512-x6rnnpRa2GL0zQOkt6rts3YDPzduLpWvwAF6EMhXFVZXD4tPrBkEFqzGowzCsIWsPjqSK+tyNEODUBXeeVHSkw==

lightningcss-linux-arm-gnueabihf@1.33.0:
  version "1.33.0"
  resolved "https://registry.yarnpkg.com/lightningcss-linux-arm-gnueabihf/-/lightningcss-linux-arm-gnueabihf-1.33.0.tgz#6862e3176a331aedbdec1ed352b4d7d0dd0784de"
  integrity sha512-N7FVBe6iS24MlM6R/4RBTxGhQheZGs7tiQ9U32UtF75NzP5Q7xWPRqLBCKxlRQRk3rY1jCIPLzx7WzOhuUIRLQ==

lightningcss-linux-arm64-gnu@1.32.0:
  version "1.32.0"
  resolved "https://registry.npmjs.org/lightningcss-linux-arm64-gnu/-/lightningcss-linux-arm64-gnu-1.32.0.tgz#417858795a94592f680123a1b1f9da8a0e1ef335"
  integrity sha512-0nnMyoyOLRJXfbMOilaSRcLH3Jw5z9HDNGfT/gwCPgaDjnx0i8w7vBzFLFR1f6CMLKF8gVbebmkUN3fa/kQJpQ==

lightningcss-linux-arm64-gnu@1.33.0:
  version "1.33.0"
  resolved "https://registry.yarnpkg.com/lightningcss-linux-arm64-gnu/-/lightningcss-linux-arm64-gnu-1.33.0.tgz#c6a3a2ed15141daf6bdc2628930f8e39bdf473aa"
  integrity sha512-j2v/itmy4HlNxlc6voKXYgBqNi0Ng2LShg4z7GufpEgs05P+2suBVyi9I6YHq5uoVFx9ETin3eCEhLVyXGQnKg==

lightningcss-linux-arm64-musl@1.32.0:
  version "1.32.0"
  resolved "https://registry.npmjs.org/lightningcss-linux-arm64-musl/-/lightningcss-linux-arm64-musl-1.32.0.tgz#6be36692e810b718040802fd809623cffe732133"
  integrity sha512-UpQkoenr4UJEzgVIYpI80lDFvRmPVg6oqboNHfoH4CQIfNA+HOrZ7Mo7KZP02dC6LjghPQJeBsvXhJod/wnIBg==

lightningcss-linux-arm64-musl@1.33.0:
  version "1.33.0"
  resolved "https://registry.yarnpkg.com/lightningcss-linux-arm64-musl/-/lightningcss-linux-arm64-musl-1.33.0.tgz#7fa1334971fc82845f9827df6ef8a0b20914bac6"
  integrity sha512-yiO5ROMuYQgXbC60yjZU5CYSFZGKXL0HFATXt9mHJn1+zW55oCtMI9NfcVhYLMFDL7gV7oBPon/EmMMGg2OvtQ==

lightningcss-linux-x64-gnu@1.32.0:
  version "1.32.0"
  resolved "https://registry.npmjs.org/lightningcss-linux-x64-gnu/-/lightningcss-linux-x64-gnu-1.32.0.tgz#0b7803af4eb21cfd38dd39fe2abbb53c7dd091f6"
  integrity sha512-V7Qr52IhZmdKPVr+Vtw8o+WLsQJYCTd8loIfpDaMRWGUZfBOYEJeyJIkqGIDMZPwPx24pUMfwSxxI8phr/MbOA==

lightningcss-linux-x64-gnu@1.33.0:
  version "1.33.0"
  resolved "https://registry.yarnpkg.com/lightningcss-linux-x64-gnu/-/lightningcss-linux-x64-gnu-1.33.0.tgz#8b927862ea8c2bbc6831a46509244b50d9936e55"
  integrity sha512-ar+Ju7LmcN0Jo4FpL4hpFybwNG9/3A/Br5KW2n2jyODg3MEZXaDYADdemoNS+BDNfMgKvylJLj4S5tyRActuAg==

lightningcss-linux-x64-musl@1.32.0:
  version "1.32.0"
  resolved "https://registry.npmjs.org/lightningcss-linux-x64-musl/-/lightningcss-linux-x64-musl-1.32.0.tgz#88dc8ba865ddddb1ac5ef04b0f161804418c163b"
  integrity sha512-bYcLp+Vb0awsiXg/80uCRezCYHNg1/l3mt0gzHnWV9XP1W5sKa5/TCdGWaR/zBM2PeF/HbsQv/j2URNOiVuxWg==

lightningcss-linux-x64-musl@1.33.0:
  version "1.33.0"
  resolved "https://registry.yarnpkg.com/lightningcss-linux-x64-musl/-/lightningcss-linux-x64-musl-1.33.0.tgz#0c525bb077dfd94404c059cfe42dad797e96aeaf"
  integrity sha512-RYiYbkokw0trfKqqzfF55lginwEPrD3OJDfTuJzFs1MK6iFnDenaz1fqLLtX4ITG3OktJQXOeTaw1awrBAlZPw==

lightningcss-win32-arm64-msvc@1.32.0:
  version "1.32.0"
  resolved "https://registry.npmjs.org/lightningcss-win32-arm64-msvc/-/lightningcss-win32-arm64-msvc-1.32.0.tgz#4f30ba3fa5e925f5b79f945e8cc0d176c3b1ab38"
  integrity sha512-8SbC8BR40pS6baCM8sbtYDSwEVQd4JlFTOlaD3gWGHfThTcABnNDBda6eTZeqbofalIJhFx0qKzgHJmcPTnGdw==

lightningcss-win32-arm64-msvc@1.33.0:
  version "1.33.0"
  resolved "https://registry.yarnpkg.com/lightningcss-win32-arm64-msvc/-/lightningcss-win32-arm64-msvc-1.33.0.tgz#850ee1103dac989cfab50e3ac22d1a69e394e63d"
  integrity sha512-1K+MPfLSFVpphzpdbfkhlWk6wBrTObBzS2T6db10PNOZgR9GoVsAWzwNyuhUYYbTp23j+4RrncfujZ4uAzXvwA==

lightningcss-win32-x64-msvc@1.32.0:
  version "1.32.0"
  resolved "https://registry.npmjs.org/lightningcss-win32-x64-msvc/-/lightningcss-win32-x64-msvc-1.32.0.tgz#141aa5605645064928902bb4af045fa7d9f4220a"
  integrity sha512-Amq9B/SoZYdDi1kFrojnoqPLxYhQ4Wo5XiL8EVJrVsB8ARoC1PWW6VGtT0WKCemjy8aC+louJnjS7U18x3b06Q==

lightningcss-win32-x64-msvc@1.33.0:
  version "1.33.0"
  resolved "https://registry.yarnpkg.com/lightningcss-win32-x64-msvc/-/lightningcss-win32-x64-msvc-1.33.0.tgz#e343ae152eed3609dc6e11949d1a3bf39a1c946f"
  integrity sha512-OlEICDx/Xl0FqSp4bry8zFnCvGpig3Gl4gCquvYwHuqJKEC1+n9NgDniFvqHGmMv1ZkqDJrDqKKSykTDX+ehuA==

lightningcss@1.32.0:
  version "1.32.0"
  resolved "https://registry.npmjs.org/lightningcss/-/lightningcss-1.32.0.tgz#b85aae96486dcb1bf49a7c8571221273f4f1e4a9"
  integrity sha512-NXYBzinNrblfraPGyrbPoD19C1h9lfI/1mzgWYvXUTe414Gz/X1FD2XBZSZM7rRTrMA8JL3OtAaGifrIKhQ5yQ==
  dependencies:
    detect-libc "^2.0.3"
  optionalDependencies:
    lightningcss-android-arm64 "1.32.0"
    lightningcss-darwin-arm64 "1.32.0"
    lightningcss-darwin-x64 "1.32.0"
    lightningcss-freebsd-x64 "1.32.0"
    lightningcss-linux-arm-gnueabihf "1.32.0"
    lightningcss-linux-arm64-gnu "1.32.0"
    lightningcss-linux-arm64-musl "1.32.0"
    lightningcss-linux-x64-gnu "1.32.0"
    lightningcss-linux-x64-musl "1.32.0"
    lightningcss-win32-arm64-msvc "1.32.0"
    lightningcss-win32-x64-msvc "1.32.0"

lightningcss@^1.33.0:
  version "1.33.0"
  resolved "https://registry.yarnpkg.com/lightningcss/-/lightningcss-1.33.0.tgz#c08867d71a79385c6e190214fd72fef3e5f95f0b"
  integrity sha512-WkUDrojuJs0xkgGf2udWxa3yGBRxPtxUkB79i6aCZLRgc7PM8fZe9TosfPDcvEpQZbuFASnHYmRLBLUbmLOIIA==
  dependencies:
    detect-libc "^2.0.3"
  optionalDependencies:
    lightningcss-android-arm64 "1.33.0"
    lightningcss-darwin-arm64 "1.33.0"
    lightningcss-darwin-x64 "1.33.0"
    lightningcss-freebsd-x64 "1.33.0"
    lightningcss-linux-arm-gnueabihf "1.33.0"
    lightningcss-linux-arm64-gnu "1.33.0"
    lightningcss-linux-arm64-musl "1.33.0"
    lightningcss-linux-x64-gnu "1.33.0"
    lightningcss-linux-x64-musl "1.33.0"
    lightningcss-win32-arm64-msvc "1.33.0"
    lightningcss-win32-x64-msvc "1.33.0"

magic-string@^0.30.21:
  version "0.30.21"
  resolved "https://registry.yarnpkg.com/magic-string/-/magic-string-0.30.21.tgz#56763ec09a0fa8091df27879fd94d19078c00d91"
  integrity sha512-vd2F4YUyEXKGcLHoq+TEyCjxueSeHnFxyyjNp80yg0XV4vUhnDer/lvvlqM/arB5bXQN5K2/3oinyCRyx8T2CQ==
  dependencies:
    "@jridgewell/sourcemap-codec" "^1.5.5"

magic-string@^1.2.3:
  version "1.4.2"
  resolved "https://registry.npmjs.org/magic-string/-/magic-string-1.4.2.tgz#508aef4aac7319496dc074ec60ea511c49daf138"
  integrity sha512-vG+rjFRj1PqdIBozIxAGMjPlOhaVe+GXpbttY/iSK7rGcJRMlwNJO7dcUwmUqkymsFLJiNGI06t4D7Fr7yRC9g==
  dependencies:
    "@jridgewell/sourcemap-codec" "^1.6.0"

nanoid@^3.3.18:
  version "3.3.19"
  resolved "https://registry.yarnpkg.com/nanoid/-/nanoid-3.3.19.tgz#336d4aa4bcd4fb24d2cddede7ffeae40bec03f0a"
  integrity sha512-Y2tUNy4ouw6tq5oDSKeQYGOyhkUBhNOcGV/02KC+6kd9eDGqdZd++mjMiIDilrBYvjEnCYvVtsuHCuP+okSfug==

obug@^2.1.4:
  version "2.2.1"
  resolved "https://registry.npmjs.org/obug/-/obug-2.2.1.tgz#9c453efeeda822050eb9774242e969c784d64d78"
  integrity sha512-XrsrhT5sybtKI6wakr2SPOlGZWWYbUXZ7a0jT8/QOeAPau+1X/bSegNe5YR75oJmEZQbKningirmGOEJCIk61Q==

picocolors@^1.1.1:
  version "1.1.1"
  resolved "https://registry.yarnpkg.com/picocolors/-/picocolors-1.1.1.tgz#3d321af3eab939b083c8f929a1d12cda81c26b6b"
  integrity sha512-xceH2snhtb5M9liqDsmEw56le376mTZkEX/jEb/RxNFyegNul7eNslCXP9FDj/Lcu0X8KEyMceP2ntpaHrDEVA==

picomatch@^4.0.4, picomatch@^4.0.7:
  version "4.0.7"
  resolved "https://registry.yarnpkg.com/picomatch/-/picomatch-4.0.7.tgz#6313360034ccb36b3dc61ecbdff78121f90fe21f"
  integrity sha512-qcJu88Q2IWqJsDD529JKMdwGm/dvInW4HvQnRwiH9JtihJvzGOscDtHE3x1pBKeUOTysQ8kVmLnJ2kJu7yhcGA==

postcss@^8.5.28:
  version "8.5.28"
  resolved "https://registry.yarnpkg.com/postcss/-/postcss-8.5.28.tgz#da4563a99a06e62d6c1cd1acae363224bcaed6e9"
  integrity sha512-RRuzqDtt5Y9h3quz5hWhK+TPnsmVs6WwSU6LkJMeY4HstUEDuYTG8UJSdawMRzmzAtV+KEoG8N3Qg2qLy5vM/A==
  dependencies:
    nanoid "^3.3.18"
    picocolors "^1.1.1"
    source-map-js "^1.2.1"

rolldown@~1.2.9:
  version "1.2.11"
  resolved "https://registry.yarnpkg.com/rolldown/-/rolldown-1.2.11.tgz#89c4e07d9098b88fe0b023de59d63a6216e9285c"
  integrity sha512-qpSwIyz0jHQq5qXBTNxFmE6664rJ7O+4TvPFOiOaBSrz8IOHc1koKKSqTM2H6u1UG1+TveuC6vaDHKXFOvb1Kw==
  dependencies:
    "@oxc-project/types" "=0.151.0"
    "@rolldown/pluginutils" "^1.0.0"
  optionalDependencies:
    "@rolldown/binding-android-arm-eabi" "1.2.11"
    "@rolldown/binding-android-arm64" "1.2.11"
    "@rolldown/binding-darwin-arm64" "1.2.11"
    "@rolldown/binding-darwin-x64" "1.2.11"
    "@rolldown/binding-freebsd-x64" "1.2.11"
    "@rolldown/binding-linux-arm-gnueabihf" "1.2.11"
    "@rolldown/binding-linux-arm64-gnu" "1.2.11"
    "@rolldown/binding-linux-arm64-musl" "1.2.11"
    "@rolldown/binding-linux-ppc64-gnu" "1.2.11"
    "@rolldown/binding-linux-s390x-gnu" "1.2.11"
    "@rolldown/binding-linux-x64-gnu" "1.2.11"
    "@rolldown/binding-linux-x64-musl" "1.2.11"
    "@rolldown/binding-openharmony-arm64" "1.2.11"
    "@rolldown/binding-win32-arm64-msvc" "1.2.11"
    "@rolldown/binding-win32-x64-msvc" "1.2.11"

source-map-js@^1.2.1:
  version "1.2.1"
  resolved "https://registry.yarnpkg.com/source-map-js/-/source-map-js-1.2.1.tgz#1ce5650fddd87abc099eda37dcff024c2667ae46"
  integrity sha512-UXWMKhLOwVKb728IUtQPXxfYU+usdybtUrK/8uGE8CQMvrhOpwvzDBwj0QhSL7MQc7vIsISBG8VQ8+IDQxpfQA==

std-env@^4.2.0:
  version "4.2.0"
  resolved "https://registry.npmjs.org/std-env/-/std-env-4.2.0.tgz#8ebe0ec60485668ab47227b312f4254cdf80c9d3"
  integrity sha512-oCUKSupKTHX53EyjDtuZQ64pjLJ6yYCtpmEw0goYxtjG9KpbRe8KAsl2tBUGU9DyMcJ0RwJ8GqJAFzMXcXW1Rw==

tailwindcss@4.3.3, tailwindcss@^4.3.3:
  version "4.3.3"
  resolved "https://registry.npmjs.org/tailwindcss/-/tailwindcss-4.3.3.tgz#c006861611c213c1877893ab5b23daa16be2bb55"
  integrity sha512-gOhV3P7ufE62QDGg1zVaTgCR+EtPv92k2nIhVcVKcLmxT1sUBsQGhnZj175j+MqRt4zLF7ic+sCYjfhxMxj7YQ==

tapable@^2.3.3:
  version "2.3.3"
  resolved "https://registry.npmjs.org/tapable/-/tapable-2.3.3.tgz#5da7c9992c46038221267985ab28421a8879f160"
  integrity sha512-uxc/zpqFg6x7C8vOE7lh6Lbda8eEL9zmVm/PLeTPBRhh1xCgdWaQ+J1CUieGpIfm2HdtsUpRv+HshiasBMcc6A==

tinybench@^6.1.4:
  version "6.2.0"
  resolved "https://registry.npmjs.org/tinybench/-/tinybench-6.2.0.tgz#392834d90f72567ee35330b4bc8f58e62e9e1d4d"
  integrity sha512-78U2TlB2CnVenajOFzf3BKSm0J6oz5L0NV7g32LCPccvYc0lbWvys4d3uUUCS2B1N8PAf2+aekR8i1KbC3HO7Q==

tinyexec@^1.3.0:
  version "1.3.1"
  resolved "https://registry.npmjs.org/tinyexec/-/tinyexec-1.3.1.tgz#16a2e3c6e23fafce72640e678e651db36145b9c6"
  integrity sha512-GCvB3aoys96IuDFBMcTB46JOR6mdMtAToqwiW8JlWhsoh1mhHi/xn9ss/Dg7N555GiJyEt2qzoG/NHCwM6h1EA==

tinyglobby@^0.2.17:
  version "0.2.17"
  resolved "https://registry.yarnpkg.com/tinyglobby/-/tinyglobby-0.2.17.tgz#562a9a6c9eb2b3b123d39719f9af5bb44fcd7631"
  integrity sha512-wXR/dYpcqKmfWpEdZjiKJOwCNFndD0DMnrW/cYjVGttEkBfVgcLFHoNrlj47mjOVic9yyNu65alsgF4NQyTa2g==
  dependencies:
    fdir "^6.5.0"
    picomatch "^4.0.4"

tslib@^2.4.0, tslib@^2.8.1:
  version "2.8.1"
  resolved "https://registry.npmjs.org/tslib/-/tslib-2.8.1.tgz#612efe4ed235d567e8aba5f2a5fab70280ade83f"
  integrity sha512-oJFu94HQb+KVduSUQL7wnpmqnfmLsOA/nAh6b6EH0wCEoK0/mPeXU6c3wKDV83MkOuHPRHtSXKKU99IBazS/2w==

undici-types@~8.9.0:
  version "8.9.0"
  resolved "https://registry.npmjs.org/undici-types/-/undici-types-8.9.0.tgz#e240d97c8b5d85e5347ce73d25865c7906c1ec9f"
  integrity sha512-KTDyRTYX8sWmKXAikPHHSyc63CRPETMctyjKFupcC6OBLXT3xsN0e9aF7m+mIXutFWpUXuedtowG7iLOzp0kQg==

vite@^8.0.16:
  version "8.3.1"
  resolved "https://registry.yarnpkg.com/vite/-/vite-8.3.1.tgz#aa1099a4ccaf104a8c32492951497fa1781d9fce"
  integrity sha512-/bvH9E9tmCXRGp2uXY3WbOldqpTwFkbha/8ANaEQ6VkxhH60KyqLwgZq6lG2y+4uT55x9+9eUHMpQ7uGnOCKjA==
  dependencies:
    lightningcss "^1.33.0"
    picomatch "^4.0.7"
    postcss "^8.5.28"
    rolldown "~1.2.9"
    tinyglobby "^0.2.17"
  optionalDependencies:
    fsevents "~2.3.3"

vitest@^5.0.2:
  version "5.0.2"
  resolved "https://registry.npmjs.org/vitest/-/vitest-5.0.2.tgz#2bb525062c52c271ae0313504039637d3d0b785d"
  integrity sha512-7MQrx9pDv5aHiUcovIb/70Ys3tgtkUVgCtledvKdCmEO+/1Dicq5ZqoSxOW034m03oqC+oHOKui2dM6qtMLoJg==
  dependencies:
    "@types/chai" "^5.2.2"
    "@vitest/mocker" "5.0.2"
    chai "^6.2.2"
    es-module-lexer "^2.3.2"
    expect-type "^1.4.0"
    magic-string "^1.2.3"
    obug "^2.1.4"
    picomatch "^4.0.7"
    std-env "^4.2.0"
    tinybench "^6.1.4"
    tinyexec "^1.3.0"
    tinyglobby "^0.2.17"
    why-is-node-running "^3.2.1"

vue@^3.5.13:
  version "3.5.43"
  resolved "https://registry.yarnpkg.com/vue/-/vue-3.5.43.tgz#bab91368e7b9aad9b89dd92e866b120081deb094"
  integrity sha512-o5qZoksdnjIKvW1srZ3ab7pcDNYAerBjRe54D0LBLfRdCYFrSgBHVXokMas35czQc0//lmx4/tuY4ZNQ+Rf2Ng==
  dependencies:
    "@vue/compiler-dom" "3.5.43"
    "@vue/compiler-sfc" "3.5.43"
    "@vue/runtime-dom" "3.5.43"
    "@vue/server-renderer" "3.5.43"
    "@vue/shared" "3.5.43"

whatwg-mimetype@^3.0.0:
  version "3.0.0"
  resolved "https://registry.npmjs.org/whatwg-mimetype/-/whatwg-mimetype-3.0.0.tgz#5fa1a7623867ff1af6ca3dc72ad6b8a4208beba7"
  integrity sha512-nt+N2dzIutVRxARx1nghPKGv1xHikU7HKdfafKkLNLindmPU/ch3U31NOCGGA/dmPcmb1VlofO0vnKAcsm0o/Q==

why-is-node-running@^3.2.1:
  version "3.2.2"
  resolved "https://registry.npmjs.org/why-is-node-running/-/why-is-node-running-3.2.2.tgz#4c563f5068c5960167220f1b7102ae501cefefb9"
  integrity sha512-NKUzAelcoCXhXL4dJzKIwXeR8iEVqsA0Lq6Vnd0UXvgaKbzVo4ZTHROF2Jidrv+SgxOQ03fMinnNhzZATxOD3A==

ws@^8.21.0:
  version "8.21.3"
  resolved "https://registry.npmjs.org/ws/-/ws-8.21.3.tgz#660b4faddb6a3e575c86e078126919961f4de4fc"
  integrity sha512-201TZ/kPWxoPr/OKWjquZR1SWKXcvxdH+e1xrx89b3YbmzLMFCLfnaG1HFIgWzJOEWZ7MvpK++odZufgYR50Rw==
